
Microsoft Visual Studio Solution File, Format Version 12.00
# Visual Studio Version 16
VisualStudioVersion = 16.0.28803.452
MinimumVisualStudioVersion = 10.0.40219.1
Project("{FAE04EC0-301F-11D3-BF4B-00C04F79EFBC}") = "api-web-asp-net-core", "api-web-asp-net-core\api-web-asp-net-core.csproj", "{A8020205-102A-46CB-97E1-3B797BFCFD67}"
EndProject
Global
	GlobalSection(SolutionConfigurationPlatforms) = preSolution
		Debug|Any CPU = Debug|Any CPU
		Release|Any CPU = Release|Any CPU
	EndGlobalSection
	GlobalSection(ProjectConfigurationPlatforms) = postSolution
		{A8020205-102A-46CB-97E1-3B797BFCFD67}.Debug|Any CPU.ActiveCfg = Debug|Any CPU
		{A8020205-102A-46CB-97E1-3B797BFCFD67}.Debug|Any CPU.Build.0 = Debug|Any CPU
		{A8020205-102A-46CB-97E1-3B797BFCFD67}.Release|Any CPU.ActiveCfg = Release|Any CPU
		{A8020205-102A-46CB-97E1-3B797BFCFD67}.Release|Any CPU.Build.0 = Release|Any CPU
	EndGlobalSection
	GlobalSection(SolutionProperties) = preSolution
		HideSolutionNode = FALSE
	EndGlobalSection
	GlobalSection(ExtensibilityGlobals) = postSolution
		SolutionGuid = {F3FA0902-C857-4E06-9D7C-112A439959D3}
	EndGlobalSection
EndGlobal
